
Microsoft Visual Studio Solution File, Format Version 12.00
# Visual Studio Version 16
VisualStudioVersion = 16.0.29806.167
MinimumVisualStudioVersion = 10.0.40219.1
Project("{FAE04EC0-301F-11D3-BF4B-00C04F79EFBC}") = "storyboardAndAnimation XAML", "storyboardAndAnimation XAML\storyboardAndAnimation XAML.csproj", "{C9FA31C0-E5DB-4EFF-8E17-4C2F9C9B429E}"
EndProject
Global
	GlobalSection(SolutionConfigurationPlatforms) = preSolution
		Debug|ARM = Debug|ARM
		Debug|ARM64 = Debug|ARM64
		Debug|x64 = Debug|x64
		Debug|x86 = Debug|x86
		Release|ARM = Release|ARM
		Release|ARM64 = Release|ARM64
		Release|x64 = Release|x64
		Release|x86 = Release|x86
	EndGlobalSection
	GlobalSection(ProjectConfigurationPlatforms) = postSolution
		{C9FA31C0-E5DB-4EFF-8E17-4C2F9C9B429E}.Debug|ARM.ActiveCfg = Debug|ARM
		{C9FA31C0-E5DB-4EFF-8E17-4C2F9C9B429E}.Debug|ARM.Build.0 = Debug|ARM
		{C9FA31C0-E5DB-4EFF-8E17-4C2F9C9B429E}.Debug|ARM.Deploy.0 = Debug|ARM
		{C9FA31C0-E5DB-4EFF-8E17-4C2F9C9B429E}.Debug|ARM64.ActiveCfg = Debug|ARM64
		{C9FA31C0-E5DB-4EFF-8E17-4C2F9C9B429E}.Debug|ARM64.Build.0 = Debug|ARM64
		{C9FA31C0-E5DB-4EFF-8E17-4C2F9C9B429E}.Debug|ARM64.Deploy.0 = Debug|ARM64
		{C9FA31C0-E5DB-4EFF-8E17-4C2F9C9B429E}.Debug|x64.ActiveCfg = Debug|x64
		{C9FA31C0-E5DB-4EFF-8E17-4C2F9C9B429E}.Debug|x64.Build.0 = Debug|x64
		{C9FA31C0-E5DB-4EFF-8E17-4C2F9C9B429E}.Debug|x64.Deploy.0 = Debug|x64
		{C9FA31C0-E5DB-4EFF-8E17-4C2F9C9B429E}.Debug|x86.ActiveCfg = Debug|x86
		{C9FA31C0-E5DB-4EFF-8E17-4C2F9C9B429E}.Debug|x86.Build.0 = Debug|x86
		{C9FA31C0-E5DB-4EFF-8E17-4C2F9C9B429E}.Debug|x86.Deploy.0 = Debug|x86
		{C9FA31C0-E5DB-4EFF-8E17-4C2F9C9B429E}.Release|ARM.ActiveCfg = Release|ARM
		{C9FA31C0-E5DB-4EFF-8E17-4C2F9C9B429E}.Release|ARM.Build.0 = Release|ARM
		{C9FA31C0-E5DB-4EFF-8E17-4C2F9C9B429E}.Release|ARM.Deploy.0 = Release|ARM
		{C9FA31C0-E5DB-4EFF-8E17-4C2F9C9B429E}.Release|ARM64.ActiveCfg = Release|ARM64
		{C9FA31C0-E5DB-4EFF-8E17-4C2F9C9B429E}.Release|ARM64.Build.0 = Release|ARM64
		{C9FA31C0-E5DB-4EFF-8E17-4C2F9C9B429E}.Release|ARM64.Deploy.0 = Release|ARM64
		{C9FA31C0-E5DB-4EFF-8E17-4C2F9C9B429E}.Release|x64.ActiveCfg = Release|x64
		{C9FA31C0-E5DB-4EFF-8E17-4C2F9C9B429E}.Release|x64.Build.0 = Release|x64
		{C9FA31C0-E5DB-4EFF-8E17-4C2F9C9B429E}.Release|x64.Deploy.0 = Release|x64
		{C9FA31C0-E5DB-4EFF-8E17-4C2F9C9B429E}.Release|x86.ActiveCfg = Release|x86
		{C9FA31C0-E5DB-4EFF-8E17-4C2F9C9B429E}.Release|x86.Build.0 = Release|x86
		{C9FA31C0-E5DB-4EFF-8E17-4C2F9C9B429E}.Release|x86.Deploy.0 = Release|x86
	EndGlobalSection
	GlobalSection(SolutionProperties) = preSolution
		HideSolutionNode = FALSE
	EndGlobalSection
	GlobalSection(ExtensibilityGlobals) = postSolution
		SolutionGuid = {9094B41D-7E5D-47B5-89DE-964682ADB38E}
	EndGlobalSection
EndGlobal
