
Microsoft Visual Studio Solution File, Format Version 12.00
# Visual Studio Version 16
VisualStudioVersion = 16.0.29326.143
MinimumVisualStudioVersion = 10.0.40219.1
Project("{FAE04EC0-301F-11D3-BF4B-00C04F79EFBC}") = "WindowsFormsApp4 deck serializable", "WindowsFormsApp4 deck serializable\WindowsFormsApp4 deck serializable.csproj", "{B91BEBCA-6EED-4491-B713-CB82B97D67DC}"
EndProject
Global
	GlobalSection(SolutionConfigurationPlatforms) = preSolution
		Debug|Any CPU = Debug|Any CPU
		Release|Any CPU = Release|Any CPU
	EndGlobalSection
	GlobalSection(ProjectConfigurationPlatforms) = postSolution
		{B91BEBCA-6EED-4491-B713-CB82B97D67DC}.Debug|Any CPU.ActiveCfg = Debug|Any CPU
		{B91BEBCA-6EED-4491-B713-CB82B97D67DC}.Debug|Any CPU.Build.0 = Debug|Any CPU
		{B91BEBCA-6EED-4491-B713-CB82B97D67DC}.Release|Any CPU.ActiveCfg = Release|Any CPU
		{B91BEBCA-6EED-4491-B713-CB82B97D67DC}.Release|Any CPU.Build.0 = Release|Any CPU
	EndGlobalSection
	GlobalSection(SolutionProperties) = preSolution
		HideSolutionNode = FALSE
	EndGlobalSection
	GlobalSection(ExtensibilityGlobals) = postSolution
		SolutionGuid = {B84D42C0-84FA-43D5-A23D-06462BAEA759}
	EndGlobalSection
EndGlobal
