
Microsoft Visual Studio Solution File, Format Version 12.00
# Visual Studio Version 16
VisualStudioVersion = 16.0.29326.143
MinimumVisualStudioVersion = 10.0.40219.1
Project("{FAE04EC0-301F-11D3-BF4B-00C04F79EFBC}") = "WindowsFormsApp12- typing game", "WindowsFormsApp12- typing game\WindowsFormsApp12- typing game.csproj", "{2FA4A0C3-BB5A-4164-8B16-2859311DE0A4}"
EndProject
Global
	GlobalSection(SolutionConfigurationPlatforms) = preSolution
		Debug|Any CPU = Debug|Any CPU
		Release|Any CPU = Release|Any CPU
	EndGlobalSection
	GlobalSection(ProjectConfigurationPlatforms) = postSolution
		{2FA4A0C3-BB5A-4164-8B16-2859311DE0A4}.Debug|Any CPU.ActiveCfg = Debug|Any CPU
		{2FA4A0C3-BB5A-4164-8B16-2859311DE0A4}.Debug|Any CPU.Build.0 = Debug|Any CPU
		{2FA4A0C3-BB5A-4164-8B16-2859311DE0A4}.Release|Any CPU.ActiveCfg = Release|Any CPU
		{2FA4A0C3-BB5A-4164-8B16-2859311DE0A4}.Release|Any CPU.Build.0 = Release|Any CPU
	EndGlobalSection
	GlobalSection(SolutionProperties) = preSolution
		HideSolutionNode = FALSE
	EndGlobalSection
	GlobalSection(ExtensibilityGlobals) = postSolution
		SolutionGuid = {30D518E1-2B1A-4B69-8F44-82FF1C6AD13C}
	EndGlobalSection
EndGlobal
