
Microsoft Visual Studio Solution File, Format Version 12.00
# Visual Studio Version 16
VisualStudioVersion = 16.0.29326.143
MinimumVisualStudioVersion = 10.0.40219.1
Project("{FAE04EC0-301F-11D3-BF4B-00C04F79EFBC}") = "WindowsFormsApp18 Bees", "WindowsFormsApp18 Bees\WindowsFormsApp18 Bees.csproj", "{9A8EEF28-9B05-4CC8-B279-D528C86F982F}"
EndProject
Global
	GlobalSection(SolutionConfigurationPlatforms) = preSolution
		Debug|Any CPU = Debug|Any CPU
		Release|Any CPU = Release|Any CPU
	EndGlobalSection
	GlobalSection(ProjectConfigurationPlatforms) = postSolution
		{9A8EEF28-9B05-4CC8-B279-D528C86F982F}.Debug|Any CPU.ActiveCfg = Debug|Any CPU
		{9A8EEF28-9B05-4CC8-B279-D528C86F982F}.Debug|Any CPU.Build.0 = Debug|Any CPU
		{9A8EEF28-9B05-4CC8-B279-D528C86F982F}.Release|Any CPU.ActiveCfg = Release|Any CPU
		{9A8EEF28-9B05-4CC8-B279-D528C86F982F}.Release|Any CPU.Build.0 = Release|Any CPU
	EndGlobalSection
	GlobalSection(SolutionProperties) = preSolution
		HideSolutionNode = FALSE
	EndGlobalSection
	GlobalSection(ExtensibilityGlobals) = postSolution
		SolutionGuid = {D2602264-2D7D-4D04-AAE9-DC947DB981B1}
	EndGlobalSection
EndGlobal
